
Microsoft Visual Studio Solution File, Format Version 12.00
# Visual Studio Version 16
VisualStudioVersion = 16.0.31424.327
MinimumVisualStudioVersion = 10.0.40219.1
Project("{FAE04EC0-301F-11D3-BF4B-00C04F79EFBC}") = "Better_Fallout76", "Better_Fallout76\Better_Fallout76.csproj", "{BCBC089F-3A39-4A99-A16A-4B1A20F50B82}"
EndProject
Global
	GlobalSection(SolutionConfigurationPlatforms) = preSolution
		Debug|Any CPU = Debug|Any CPU
		Release|Any CPU = Release|Any CPU
	EndGlobalSection
	GlobalSection(ProjectConfigurationPlatforms) = postSolution
		{BCBC089F-3A39-4A99-A16A-4B1A20F50B82}.Debug|Any CPU.ActiveCfg = Debug|Any CPU
		{BCBC089F-3A39-4A99-A16A-4B1A20F50B82}.Debug|Any CPU.Build.0 = Debug|Any CPU
		{BCBC089F-3A39-4A99-A16A-4B1A20F50B82}.Release|Any CPU.ActiveCfg = Release|Any CPU
		{BCBC089F-3A39-4A99-A16A-4B1A20F50B82}.Release|Any CPU.Build.0 = Release|Any CPU
	EndGlobalSection
	GlobalSection(SolutionProperties) = preSolution
		HideSolutionNode = FALSE
	EndGlobalSection
	GlobalSection(ExtensibilityGlobals) = postSolution
		SolutionGuid = {613E190E-BE71-45C1-8FD1-5AEBD5FDC4D2}
	EndGlobalSection
EndGlobal
